Microsoft Visual Studio Solution File, Format Version 12.00
# Visual Studio 2012
Project("{FAE04EC0-301F-11D3-BF4B-00C04F79EFBC}") = "新建横板跳跃游戏项目", "新建横板跳跃游戏项目.csproj", "{2B5E05A7-0149-4A22-81AB-2BDE70B33755}"
EndProject
Global
	GlobalSection(SolutionConfigurationPlatforms) = preSolution
	Debug|Any CPU = Debug|Any CPU
	ExportDebug|Any CPU = ExportDebug|Any CPU
	ExportRelease|Any CPU = ExportRelease|Any CPU
	EndGlobalSection
	GlobalSection(ProjectConfigurationPlatforms) = postSolution
		{2B5E05A7-0149-4A22-81AB-2BDE70B33755}.Debug|Any CPU.ActiveCfg = Debug|Any CPU
		{2B5E05A7-0149-4A22-81AB-2BDE70B33755}.Debug|Any CPU.Build.0 = Debug|Any CPU
		{2B5E05A7-0149-4A22-81AB-2BDE70B33755}.ExportDebug|Any CPU.ActiveCfg = ExportDebug|Any CPU
		{2B5E05A7-0149-4A22-81AB-2BDE70B33755}.ExportDebug|Any CPU.Build.0 = ExportDebug|Any CPU
		{2B5E05A7-0149-4A22-81AB-2BDE70B33755}.ExportRelease|Any CPU.ActiveCfg = ExportRelease|Any CPU
		{2B5E05A7-0149-4A22-81AB-2BDE70B33755}.ExportRelease|Any CPU.Build.0 = ExportRelease|Any CPU
	EndGlobalSection
EndGlobal
